<Solution>
  <Folder Name="/src/">
    <Project Path="src/Verifiabl/Verifiabl.csproj" />
    <Project Path="src/Verifiabl.Extensions.DependencyInjection/Verifiabl.Extensions.DependencyInjection.csproj" />
  </Folder>
  <Folder Name="/tests/">
    <Project Path="tests/Verifiabl.Tests/Verifiabl.Tests.csproj" />
  </Folder>
</Solution>
